
Microsoft Visual Studio Solution File, Format Version 12.00
# Visual Studio 15
VisualStudioVersion = 15.0.27703.2035
MinimumVisualStudioVersion = 10.0.40219.1
Project("{FAE04EC0-301F-11D3-BF4B-00C04F79EFBC}") = "MyTranslation", "MyTranslation\MyTranslation.csproj", "{5661FF77-61E2-4E38-AF67-CD6F73AD8A1C}"
EndProject
Global
	GlobalSection(SolutionConfigurationPlatforms) = preSolution
		Debug|Any CPU = Debug|Any CPU
		Release|Any CPU = Release|Any CPU
	EndGlobalSection
	GlobalSection(ProjectConfigurationPlatforms) = postSolution
		{5661FF77-61E2-4E38-AF67-CD6F73AD8A1C}.Debug|Any CPU.ActiveCfg = Debug|Any CPU
		{5661FF77-61E2-4E38-AF67-CD6F73AD8A1C}.Debug|Any CPU.Build.0 = Debug|Any CPU
		{5661FF77-61E2-4E38-AF67-CD6F73AD8A1C}.Release|Any CPU.ActiveCfg = Release|Any CPU
		{5661FF77-61E2-4E38-AF67-CD6F73AD8A1C}.Release|Any CPU.Build.0 = Release|Any CPU
	EndGlobalSection
	GlobalSection(SolutionProperties) = preSolution
		HideSolutionNode = FALSE
	EndGlobalSection
	GlobalSection(ExtensibilityGlobals) = postSolution
		SolutionGuid = {3D2FB6DA-61F0-4A76-8FB2-934CB65EEE4A}
	EndGlobalSection
EndGlobal
